version: 1.0
shards:
  atom:
    github: atomframework/atom
    commit: dfc468d99f9c931548e8ef9da0e242b5df6e1dc8

  atom-model:
    github: atomframework/model
    commit: 481a14d6aa1db75437686b5f9ab18cd7421b2456

  atom-web:
    github: atomframework/web
    commit: 910e547f3a031d566bfe089ff78efddf47cc884b

  cake-bake:
    github: vladfaust/cake-bake.cr
    version: 0.2.1

  db:
    github: crystal-lang/crystal-db
    version: 0.5.0

  dotenv:
    github: gdotdesign/cr-dotenv
    version: 0.1.0

  jwt:
    github: crystal-community/jwt
    version: 0.3.0

  kilt:
    github: jeromegn/kilt
    version: 0.4.0

  migrate:
    github: vladfaust/migrate.cr
    version: 0.3.0

  params:
    github: vladfaust/params.cr
    version: 0.1.1

  pg:
    github: will/crystal-pg
    version: 0.15.0

  radix:
    github: luislavena/radix
    version: 0.3.8

  time_format:
    github: vladfaust/time_format.cr
    version: 0.1.1

  validations:
    github: vladfaust/validations.cr
    version: 0.1.5

